
Microsoft Visual Studio Solution File, Format Version 12.00
# Visual Studio Version 17
VisualStudioVersion = 17.14.36518.9 d17.14
MinimumVisualStudioVersion = 10.0.40219.1
Project("{FAE04EC0-301F-11D3-BF4B-00C04F79EFBC}") = "BlazorApp1", "BlazorApp1\BlazorApp1.csproj", "{B4BAE962-7DBC-4B94-B8F0-BA8D90ABECE1}"
EndProject
Project("{FAE04EC0-301F-11D3-BF4B-00C04F79EFBC}") = "BlazorApp1.Tests", "BlazorApp1.Tests\BlazorApp1.Tests.csproj", "{1F60C3A4-7AD9-4E6A-95FE-9EB86AF4D8F2}"
EndProject
Global
	GlobalSection(SolutionConfigurationPlatforms) = preSolution
		Debug|Any CPU = Debug|Any CPU
		Release|Any CPU = Release|Any CPU
	EndGlobalSection
	GlobalSection(ProjectConfigurationPlatforms) = postSolution
		{B4BAE962-7DBC-4B94-B8F0-BA8D90ABECE1}.Debug|Any CPU.ActiveCfg = Debug|Any CPU
		{B4BAE962-7DBC-4B94-B8F0-BA8D90ABECE1}.Debug|Any CPU.Build.0 = Debug|Any CPU
		{B4BAE962-7DBC-4B94-B8F0-BA8D90ABECE1}.Release|Any CPU.ActiveCfg = Release|Any CPU
		{B4BAE962-7DBC-4B94-B8F0-BA8D90ABECE1}.Release|Any CPU.Build.0 = Release|Any CPU
		{1F60C3A4-7AD9-4E6A-95FE-9EB86AF4D8F2}.Debug|Any CPU.ActiveCfg = Debug|Any CPU
		{1F60C3A4-7AD9-4E6A-95FE-9EB86AF4D8F2}.Debug|Any CPU.Build.0 = Debug|Any CPU
		{1F60C3A4-7AD9-4E6A-95FE-9EB86AF4D8F2}.Release|Any CPU.ActiveCfg = Release|Any CPU
		{1F60C3A4-7AD9-4E6A-95FE-9EB86AF4D8F2}.Release|Any CPU.Build.0 = Release|Any CPU
	EndGlobalSection
	GlobalSection(SolutionProperties) = preSolution
		HideSolutionNode = FALSE
	EndGlobalSection
	GlobalSection(ExtensibilityGlobals) = postSolution
		SolutionGuid = {B503D4CA-DB8F-44B2-A30E-238819E9A5F8}
	EndGlobalSection
EndGlobal
